
Microsoft Visual Studio Solution File, Format Version 12.00
# Visual Studio Version 16
VisualStudioVersion = 16.0.30621.155
MinimumVisualStudioVersion = 10.0.40219.1
Project("{FAE04EC0-301F-11D3-BF4B-00C04F79EFBC}") = "Giraffe", "Giraffe\Giraffe.csproj", "{DF1C9FBA-F2C5-4A66-B5C0-41B7D7C64BCC}"
EndProject
Global
	GlobalSection(SolutionConfigurationPlatforms) = preSolution
		Debug|Any CPU = Debug|Any CPU
		Release|Any CPU = Release|Any CPU
	EndGlobalSection
	GlobalSection(ProjectConfigurationPlatforms) = postSolution
		{DF1C9FBA-F2C5-4A66-B5C0-41B7D7C64BCC}.Debug|Any CPU.ActiveCfg = Debug|Any CPU
		{DF1C9FBA-F2C5-4A66-B5C0-41B7D7C64BCC}.Debug|Any CPU.Build.0 = Debug|Any CPU
		{DF1C9FBA-F2C5-4A66-B5C0-41B7D7C64BCC}.Release|Any CPU.ActiveCfg = Release|Any CPU
		{DF1C9FBA-F2C5-4A66-B5C0-41B7D7C64BCC}.Release|Any CPU.Build.0 = Release|Any CPU
	EndGlobalSection
	GlobalSection(SolutionProperties) = preSolution
		HideSolutionNode = FALSE
	EndGlobalSection
	GlobalSection(ExtensibilityGlobals) = postSolution
		SolutionGuid = {726257D8-C059-4C77-AC4D-921CF66B0344}
	EndGlobalSection
EndGlobal
